
Microsoft Visual Studio Solution File, Format Version 12.00
# Visual Studio Version 17
VisualStudioVersion = 17.4.33205.214
MinimumVisualStudioVersion = 10.0.40219.1
Project("{FAE04EC0-301F-11D3-BF4B-00C04F79EFBC}") = "MD5", "MD5\MD5.csproj", "{D5876976-1D2E-4BA7-B31F-BF88E4BB0ECC}"
EndProject
Project("{FAE04EC0-301F-11D3-BF4B-00C04F79EFBC}") = "SHA1", "SHA1\SHA1.csproj", "{D92EC197-9A25-4BDD-A3E4-04B0D6757556}"
EndProject
Project("{FAE04EC0-301F-11D3-BF4B-00C04F79EFBC}") = "SHA256", "SHA256\SHA256.csproj", "{82D4E06B-6E81-4F1A-B8A8-81BBFA348539}"
EndProject
Project("{FAE04EC0-301F-11D3-BF4B-00C04F79EFBC}") = "SHA384", "SHA384\SHA384.csproj", "{66E25E23-A2B5-4E8A-A9D3-92408B8E3D5B}"
EndProject
Project("{FAE04EC0-301F-11D3-BF4B-00C04F79EFBC}") = "SHA512", "SHA512\SHA512.csproj", "{134A8797-8C2E-4B1D-AD0C-8050AB9CC2B3}"
EndProject
Global
	GlobalSection(SolutionConfigurationPlatforms) = preSolution
		Debug|Any CPU = Debug|Any CPU
		Release|Any CPU = Release|Any CPU
	EndGlobalSection
	GlobalSection(ProjectConfigurationPlatforms) = postSolution
		{D5876976-1D2E-4BA7-B31F-BF88E4BB0ECC}.Debug|Any CPU.ActiveCfg = Debug|Any CPU
		{D5876976-1D2E-4BA7-B31F-BF88E4BB0ECC}.Debug|Any CPU.Build.0 = Debug|Any CPU
		{D5876976-1D2E-4BA7-B31F-BF88E4BB0ECC}.Release|Any CPU.ActiveCfg = Release|Any CPU
		{D5876976-1D2E-4BA7-B31F-BF88E4BB0ECC}.Release|Any CPU.Build.0 = Release|Any CPU
		{D92EC197-9A25-4BDD-A3E4-04B0D6757556}.Debug|Any CPU.ActiveCfg = Debug|Any CPU
		{D92EC197-9A25-4BDD-A3E4-04B0D6757556}.Debug|Any CPU.Build.0 = Debug|Any CPU
		{D92EC197-9A25-4BDD-A3E4-04B0D6757556}.Release|Any CPU.ActiveCfg = Release|Any CPU
		{D92EC197-9A25-4BDD-A3E4-04B0D6757556}.Release|Any CPU.Build.0 = Release|Any CPU
		{82D4E06B-6E81-4F1A-B8A8-81BBFA348539}.Debug|Any CPU.ActiveCfg = Debug|Any CPU
		{82D4E06B-6E81-4F1A-B8A8-81BBFA348539}.Debug|Any CPU.Build.0 = Debug|Any CPU
		{82D4E06B-6E81-4F1A-B8A8-81BBFA348539}.Release|Any CPU.ActiveCfg = Release|Any CPU
		{82D4E06B-6E81-4F1A-B8A8-81BBFA348539}.Release|Any CPU.Build.0 = Release|Any CPU
		{66E25E23-A2B5-4E8A-A9D3-92408B8E3D5B}.Debug|Any CPU.ActiveCfg = Debug|Any CPU
		{66E25E23-A2B5-4E8A-A9D3-92408B8E3D5B}.Debug|Any CPU.Build.0 = Debug|Any CPU
		{66E25E23-A2B5-4E8A-A9D3-92408B8E3D5B}.Release|Any CPU.ActiveCfg = Release|Any CPU
		{66E25E23-A2B5-4E8A-A9D3-92408B8E3D5B}.Release|Any CPU.Build.0 = Release|Any CPU
		{134A8797-8C2E-4B1D-AD0C-8050AB9CC2B3}.Debug|Any CPU.ActiveCfg = Debug|Any CPU
		{134A8797-8C2E-4B1D-AD0C-8050AB9CC2B3}.Debug|Any CPU.Build.0 = Debug|Any CPU
		{134A8797-8C2E-4B1D-AD0C-8050AB9CC2B3}.Release|Any CPU.ActiveCfg = Release|Any CPU
		{134A8797-8C2E-4B1D-AD0C-8050AB9CC2B3}.Release|Any CPU.Build.0 = Release|Any CPU
	EndGlobalSection
	GlobalSection(SolutionProperties) = preSolution
		HideSolutionNode = FALSE
	EndGlobalSection
	GlobalSection(ExtensibilityGlobals) = postSolution
		SolutionGuid = {448D7053-A24F-42C7-9294-0A13296203FC}
	EndGlobalSection
EndGlobal
